{
    "_readme": [
        "This file locks the dependencies of your project to a known state",
        "Read more about it at https://getcomposer.org/doc/01-basic-usage.md#installing-dependencies",
        "This file is @generated automatically"
    ],
    "content-hash": "c8017aa1aacee905f03a63ead45e8d6d",
    "packages": [
        {
            "name": "dcblogdev/pdo-wrapper",
            "version": "v2.0.1",
            "source": {
                "type": "git",
                "url": "https://github.com/dcblogdev/pdo-wrapper.git",
                "reference": "6c048b1838858d3d825b75f11b98d13b6cf43eee"
            },
            "dist": {
                "type": "zip",
                "url": "https://api.github.com/repos/dcblogdev/pdo-wrapper/zipball/6c048b1838858d3d825b75f11b98d13b6cf43eee",
                "reference": "6c048b1838858d3d825b75f11b98d13b6cf43eee",
                "shasum": ""
            },
            "require": {
                "php": ">=7.2"
            },
            "type": "library",
            "autoload": {
                "psr-4": {
                    "Dcblogdev\\PdoWrapper\\": "/src"
                }
            },
            "notification-url": "https://packagist.org/downloads/",
            "license": [
                "MIT"
            ],
            "authors": [
                {
                    "name": "David Carr",
                    "email": "dave@dcblog.dev",
                    "homepage": "https://dcblog.dev",
                    "role": "Developer"
                }
            ],
            "description": "A crud wrapper for PDO",
            "support": {
                "issues": "https://github.com/dcblogdev/pdo-wrapper/issues",
                "source": "https://github.com/dcblogdev/pdo-wrapper/tree/v2.0.1"
            },
            "time": "2020-04-19T23:52:33+00:00"
        },
        {
            "name": "rlanvin/php-rrule",
            "version": "v2.3.2",
            "source": {
                "type": "git",
                "url": "https://github.com/rlanvin/php-rrule.git",
                "reference": "2221e8cdac037f3ead5bd17a8e19b0771534d4e7"
            },
            "dist": {
                "type": "zip",
                "url": "https://api.github.com/repos/rlanvin/php-rrule/zipball/2221e8cdac037f3ead5bd17a8e19b0771534d4e7",
                "reference": "2221e8cdac037f3ead5bd17a8e19b0771534d4e7",
                "shasum": ""
            },
            "require": {
                "php": ">=5.6.0"
            },
            "require-dev": {
                "phpmd/phpmd": "@stable",
                "phpunit/phpunit": "^5.7|^6.5|^8.0"
            },
            "suggest": {
                "ext-intl": "Intl extension is needed for humanReadable()"
            },
            "type": "library",
            "autoload": {
                "psr-4": {
                    "RRule\\": "src/"
                }
            },
            "notification-url": "https://packagist.org/downloads/",
            "license": [
                "MIT"
            ],
            "description": "Lightweight and fast recurrence rules for PHP (RFC 5545)",
            "homepage": "https://github.com/rlanvin/php-rrule",
            "keywords": [
                "date",
                "ical",
                "recurrence",
                "recurring",
                "rrule"
            ],
            "support": {
                "issues": "https://github.com/rlanvin/php-rrule/issues",
                "source": "https://github.com/rlanvin/php-rrule/tree/v2.3.2"
            },
            "time": "2022-05-03T13:11:22+00:00"
        }
    ],
    "packages-dev": [],
    "aliases": [],
    "minimum-stability": "stable",
    "stability-flags": [],
    "prefer-stable": false,
    "prefer-lowest": false,
    "platform": [],
    "platform-dev": [],
    "plugin-api-version": "2.3.0"
}
